
Microsoft Visual Studio Solution File, Format Version 12.00
# Visual Studio Version 16
VisualStudioVersion = 16.0.30804.86
MinimumVisualStudioVersion = 10.0.40219.1
Project("{9A19103F-16F7-4668-BE54-9A1E7A4F7556}") = "IsomorphicStrings", "IsomorphicStrings\IsomorphicStrings.csproj", "{22845F8B-D11D-4024-907C-9E7919676CFE}"
EndProject
Project("{9A19103F-16F7-4668-BE54-9A1E7A4F7556}") = "PhoneDirectory", "PhoneDirectory\PhoneDirectory.csproj", "{95314262-699B-4869-8DFB-A47567712C13}"
EndProject
Project("{9A19103F-16F7-4668-BE54-9A1E7A4F7556}") = "BigO", "BigO\BigO.csproj", "{EA991E16-7930-4B35-8ABF-5DDCEB575E2B}"
EndProject
Project("{9A19103F-16F7-4668-BE54-9A1E7A4F7556}") = "SortingLibrary", "SortingLibrary\SortingLibrary.csproj", "{B28B0CFD-9845-47A6-9DD8-655912C60699}"
EndProject
Project("{FAE04EC0-301F-11D3-BF4B-00C04F79EFBC}") = "SortingTest", "SortingTest\SortingTest.csproj", "{34938E2B-4CA1-4A44-B171-5C89ABFD4109}"
EndProject
Global
	GlobalSection(SolutionConfigurationPlatforms) = preSolution
		Debug|Any CPU = Debug|Any CPU
		Release|Any CPU = Release|Any CPU
	EndGlobalSection
	GlobalSection(ProjectConfigurationPlatforms) = postSolution
		{22845F8B-D11D-4024-907C-9E7919676CFE}.Debug|Any CPU.ActiveCfg = Debug|Any CPU
		{22845F8B-D11D-4024-907C-9E7919676CFE}.Debug|Any CPU.Build.0 = Debug|Any CPU
		{22845F8B-D11D-4024-907C-9E7919676CFE}.Release|Any CPU.ActiveCfg = Release|Any CPU
		{22845F8B-D11D-4024-907C-9E7919676CFE}.Release|Any CPU.Build.0 = Release|Any CPU
		{95314262-699B-4869-8DFB-A47567712C13}.Debug|Any CPU.ActiveCfg = Debug|Any CPU
		{95314262-699B-4869-8DFB-A47567712C13}.Debug|Any CPU.Build.0 = Debug|Any CPU
		{95314262-699B-4869-8DFB-A47567712C13}.Release|Any CPU.ActiveCfg = Release|Any CPU
		{95314262-699B-4869-8DFB-A47567712C13}.Release|Any CPU.Build.0 = Release|Any CPU
		{EA991E16-7930-4B35-8ABF-5DDCEB575E2B}.Debug|Any CPU.ActiveCfg = Debug|Any CPU
		{EA991E16-7930-4B35-8ABF-5DDCEB575E2B}.Debug|Any CPU.Build.0 = Debug|Any CPU
		{EA991E16-7930-4B35-8ABF-5DDCEB575E2B}.Release|Any CPU.ActiveCfg = Release|Any CPU
		{EA991E16-7930-4B35-8ABF-5DDCEB575E2B}.Release|Any CPU.Build.0 = Release|Any CPU
		{B28B0CFD-9845-47A6-9DD8-655912C60699}.Debug|Any CPU.ActiveCfg = Debug|Any CPU
		{B28B0CFD-9845-47A6-9DD8-655912C60699}.Debug|Any CPU.Build.0 = Debug|Any CPU
		{B28B0CFD-9845-47A6-9DD8-655912C60699}.Release|Any CPU.ActiveCfg = Release|Any CPU
		{B28B0CFD-9845-47A6-9DD8-655912C60699}.Release|Any CPU.Build.0 = Release|Any CPU
		{34938E2B-4CA1-4A44-B171-5C89ABFD4109}.Debug|Any CPU.ActiveCfg = Debug|Any CPU
		{34938E2B-4CA1-4A44-B171-5C89ABFD4109}.Debug|Any CPU.Build.0 = Debug|Any CPU
		{34938E2B-4CA1-4A44-B171-5C89ABFD4109}.Release|Any CPU.ActiveCfg = Release|Any CPU
		{34938E2B-4CA1-4A44-B171-5C89ABFD4109}.Release|Any CPU.Build.0 = Release|Any CPU
	EndGlobalSection
	GlobalSection(SolutionProperties) = preSolution
		HideSolutionNode = FALSE
	EndGlobalSection
	GlobalSection(ExtensibilityGlobals) = postSolution
		SolutionGuid = {A4A940C9-9D96-45AD-BB4C-C8735EFC55EA}
	EndGlobalSection
EndGlobal
